
Microsoft Visual Studio Solution File, Format Version 12.00
# Visual Studio Version 16
VisualStudioVersion = 16.0.30711.63
MinimumVisualStudioVersion = 10.0.40219.1
Project("{9A19103F-16F7-4668-BE54-9A1E7A4F7556}") = "Moresu", "Moresu.csproj", "{65F8BEF8-1FAA-4D45-BF42-3C4AB7AA077E}"
EndProject
Project("{FAE04EC0-301F-11D3-BF4B-00C04F79EFBC}") = "MoresuTest", "..\MoresuTest\MoresuTest.csproj", "{418F906A-E2DF-45A0-8F34-697BA30A0DD4}"
EndProject
Global
	GlobalSection(SolutionConfigurationPlatforms) = preSolution
		Debug|Any CPU = Debug|Any CPU
		Release|Any CPU = Release|Any CPU
	EndGlobalSection
	GlobalSection(ProjectConfigurationPlatforms) = postSolution
		{65F8BEF8-1FAA-4D45-BF42-3C4AB7AA077E}.Debug|Any CPU.ActiveCfg = Debug|Any CPU
		{65F8BEF8-1FAA-4D45-BF42-3C4AB7AA077E}.Debug|Any CPU.Build.0 = Debug|Any CPU
		{65F8BEF8-1FAA-4D45-BF42-3C4AB7AA077E}.Release|Any CPU.ActiveCfg = Release|Any CPU
		{65F8BEF8-1FAA-4D45-BF42-3C4AB7AA077E}.Release|Any CPU.Build.0 = Release|Any CPU
		{418F906A-E2DF-45A0-8F34-697BA30A0DD4}.Debug|Any CPU.ActiveCfg = Debug|Any CPU
		{418F906A-E2DF-45A0-8F34-697BA30A0DD4}.Debug|Any CPU.Build.0 = Debug|Any CPU
		{418F906A-E2DF-45A0-8F34-697BA30A0DD4}.Release|Any CPU.ActiveCfg = Release|Any CPU
		{418F906A-E2DF-45A0-8F34-697BA30A0DD4}.Release|Any CPU.Build.0 = Release|Any CPU
	EndGlobalSection
	GlobalSection(SolutionProperties) = preSolution
		HideSolutionNode = FALSE
	EndGlobalSection
	GlobalSection(ExtensibilityGlobals) = postSolution
		SolutionGuid = {D65B6B47-FD53-4CFD-BAC7-FDD099219FB9}
	EndGlobalSection
EndGlobal
